
Microsoft Visual Studio Solution File, Format Version 12.00
# Visual Studio Version 16
VisualStudioVersion = 16.0.31729.503
MinimumVisualStudioVersion = 10.0.40219.1
Project("{9A19103F-16F7-4668-BE54-9A1E7A4F7556}") = "OdeToFood", "OdeToFood\OdeToFood.csproj", "{D42CFD50-4543-4C9B-B681-A63803963B63}"
EndProject
Project("{9A19103F-16F7-4668-BE54-9A1E7A4F7556}") = "OdeToFood.Core", "OdeToFood.Core\OdeToFood.Core.csproj", "{38E45AAF-87B3-4FD7-9A4B-47281FEBE604}"
EndProject
Project("{9A19103F-16F7-4668-BE54-9A1E7A4F7556}") = "OdeToFood.Data", "OdeToFood.Data\OdeToFood.Data.csproj", "{0775A4D0-6EEC-4D76-9BF6-1DC9CDB3D09C}"
EndProject
Global
	GlobalSection(SolutionConfigurationPlatforms) = preSolution
		Debug|Any CPU = Debug|Any CPU
		Release|Any CPU = Release|Any CPU
	EndGlobalSection
	GlobalSection(ProjectConfigurationPlatforms) = postSolution
		{D42CFD50-4543-4C9B-B681-A63803963B63}.Debug|Any CPU.ActiveCfg = Debug|Any CPU
		{D42CFD50-4543-4C9B-B681-A63803963B63}.Debug|Any CPU.Build.0 = Debug|Any CPU
		{D42CFD50-4543-4C9B-B681-A63803963B63}.Release|Any CPU.ActiveCfg = Release|Any CPU
		{D42CFD50-4543-4C9B-B681-A63803963B63}.Release|Any CPU.Build.0 = Release|Any CPU
		{38E45AAF-87B3-4FD7-9A4B-47281FEBE604}.Debug|Any CPU.ActiveCfg = Debug|Any CPU
		{38E45AAF-87B3-4FD7-9A4B-47281FEBE604}.Debug|Any CPU.Build.0 = Debug|Any CPU
		{38E45AAF-87B3-4FD7-9A4B-47281FEBE604}.Release|Any CPU.ActiveCfg = Release|Any CPU
		{38E45AAF-87B3-4FD7-9A4B-47281FEBE604}.Release|Any CPU.Build.0 = Release|Any CPU
		{0775A4D0-6EEC-4D76-9BF6-1DC9CDB3D09C}.Debug|Any CPU.ActiveCfg = Debug|Any CPU
		{0775A4D0-6EEC-4D76-9BF6-1DC9CDB3D09C}.Debug|Any CPU.Build.0 = Debug|Any CPU
		{0775A4D0-6EEC-4D76-9BF6-1DC9CDB3D09C}.Release|Any CPU.ActiveCfg = Release|Any CPU
		{0775A4D0-6EEC-4D76-9BF6-1DC9CDB3D09C}.Release|Any CPU.Build.0 = Release|Any CPU
	EndGlobalSection
	GlobalSection(SolutionProperties) = preSolution
		HideSolutionNode = FALSE
	EndGlobalSection
	GlobalSection(ExtensibilityGlobals) = postSolution
		SolutionGuid = {F506D063-2C97-4C3E-A5EF-99A35DFAC444}
	EndGlobalSection
EndGlobal
